Microsoft Visual Studio Solution File, Format Version 7.00
Project("{F184B08F-C81C-45F6-A57F-5ABD9991F28F}") = "VBMultilingualForm", "VBMultilingualForm.vbproj", "{CF2C685C-6F3F-42B1-B948-8443663706E3}"
EndProject
Global
	GlobalSection(SolutionConfiguration) = preSolution
		ConfigName.0 = Debug
		ConfigName.1 = Release
	EndGlobalSection
	GlobalSection(ProjectDependencies) = postSolution
	EndGlobalSection
	GlobalSection(ProjectConfiguration) = postSolution
		{CF2C685C-6F3F-42B1-B948-8443663706E3}.Debug.ActiveCfg = Debug|.NET
		{CF2C685C-6F3F-42B1-B948-8443663706E3}.Debug.Build.0 = Debug|.NET
		{CF2C685C-6F3F-42B1-B948-8443663706E3}.Release.ActiveCfg = Release|.NET
		{CF2C685C-6F3F-42B1-B948-8443663706E3}.Release.Build.0 = Release|.NET
	EndGlobalSection
	GlobalSection(ExtensibilityGlobals) = postSolution
	EndGlobalSection
	GlobalSection(ExtensibilityAddIns) = postSolution
	EndGlobalSection
EndGlobal
