
Microsoft Visual Studio Solution File, Format Version 9.00
# Visual Studio 2005
Project("{F184B08F-C81C-45F6-A57F-5ABD9991F28F}") = "WindowsApplication13", "WindowsApplication13\WindowsApplication13.vbproj", "{E36112E9-2901-4A2E-8969-EF128752D165}"
EndProject
Global
	GlobalSection(SolutionConfigurationPlatforms) = preSolution
		Debug|Any CPU = Debug|Any CPU
		Release|Any CPU = Release|Any CPU
	EndGlobalSection
	GlobalSection(ProjectConfigurationPlatforms) = postSolution
		{E36112E9-2901-4A2E-8969-EF128752D165}.Debug|Any CPU.ActiveCfg = Debug|Any CPU
		{E36112E9-2901-4A2E-8969-EF128752D165}.Debug|Any CPU.Build.0 = Debug|Any CPU
		{E36112E9-2901-4A2E-8969-EF128752D165}.Release|Any CPU.ActiveCfg = Release|Any CPU
		{E36112E9-2901-4A2E-8969-EF128752D165}.Release|Any CPU.Build.0 = Release|Any CPU
	EndGlobalSection
	GlobalSection(SolutionProperties) = preSolution
		HideSolutionNode = FALSE
	EndGlobalSection
EndGlobal
